{
  "requires": true,
  "lockfileVersion": 1,
  "dependencies": {
    "@types/chart.js": {
      "version": "2.9.29",
      "resolved": "https://registry.npmjs.org/@types/chart.js/-/chart.js-2.9.29.tgz",
      "integrity": "sha512-WOZMitUU3gHDM0oQsCsVivX+oDsIki93szcTmmUPBm39cCvAELBjokjSDVOoA3xiIEbb+jp17z/3S2tIqruwOQ==",
      "requires": {
        "moment": "^2.10.2"
      }
    },
    "@types/chrome": {
      "version": "0.0.127",
      "resolved": "https://registry.npmjs.org/@types/chrome/-/chrome-0.0.127.tgz",
      "integrity": "sha512-hBB9EApLYKKn2GvklVkTxVP6vZvxsH9okyIRUinNtMzZHIgIKWQk/ESbX+O5g4Bihfy38+aFGn7Kl7Cxou5JUg==",
      "requires": {
        "@types/filesystem": "*",
        "@types/har-format": "*"
      }
    },
    "@types/filesystem": {
      "version": "0.0.29",
      "resolved": "https://registry.npmjs.org/@types/filesystem/-/filesystem-0.0.29.tgz",
      "integrity": "sha512-85/1KfRedmfPGsbK8YzeaQUyV1FQAvMPMTuWFQ5EkLd2w7szhNO96bk3Rh/SKmOfd9co2rCLf0Voy4o7ECBOvw==",
      "requires": {
        "@types/filewriter": "*"
      }
    },
    "@types/filewriter": {
      "version": "0.0.28",
      "resolved": "https://registry.npmjs.org/@types/filewriter/-/filewriter-0.0.28.tgz",
      "integrity": "sha1-wFTor02d11205jq8dviFFocU1LM="
    },
    "@types/har-format": {
      "version": "1.2.5",
      "resolved": "https://registry.npmjs.org/@types/har-format/-/har-format-1.2.5.tgz",
      "integrity": "sha512-IG8AE1m2pWtPqQ7wXhFhy6Q59bwwnLwO36v5Rit2FrbXCIp8Sk8E2PfUCreyrdo17STwFSKDAkitVuVYbpEHvQ=="
    },
    "moment": {
      "version": "2.29.1",
      "resolved": "https://registry.npmjs.org/moment/-/moment-2.29.1.tgz",
      "integrity": "sha512-kHmoybcPV8Sqy59DwNDY3Jefr64lK/by/da0ViFcuA4DH0vQg5Q6Ze5VimxkfQNSC+Mls/Kx53s7TjP1RhFEDQ=="
    }
  }
}
